
Microsoft Visual Studio Solution File, Format Version 12.00
# Visual Studio Version 16
VisualStudioVersion = 16.0.30804.86
MinimumVisualStudioVersion = 10.0.40219.1
Project("{9A19103F-16F7-4668-BE54-9A1E7A4F7556}") = "InsuranceApp.Web", "InsuranceApp.Web\InsuranceApp.Web.csproj", "{E3D5F0A8-5F70-41FD-848C-0654F104959F}"
EndProject
Project("{9A19103F-16F7-4668-BE54-9A1E7A4F7556}") = "InsuranceApp.Core", "InsuranceApp.Core\InsuranceApp.Core.csproj", "{CEAED709-784A-4B20-9B9A-C7030765EDB4}"
EndProject
Project("{9A19103F-16F7-4668-BE54-9A1E7A4F7556}") = "InsuranceApp.Data", "InsuranceApp.Data\InsuranceApp.Data.csproj", "{DF1CB2C2-576A-4540-BFF1-1D552A5CDE07}"
EndProject
Project("{9A19103F-16F7-4668-BE54-9A1E7A4F7556}") = "InsuranceApp.Service", "InsuranceApp.Service\InsuranceApp.Service.csproj", "{17374C07-C3E7-4219-A18A-46F8767DF616}"
EndProject
Project("{FAE04EC0-301F-11D3-BF4B-00C04F79EFBC}") = "InsuranceApp.UnitTest", "InsuranceApp.UnitTest\InsuranceApp.UnitTest.csproj", "{1952E95D-5517-42CC-BA3A-920A17165159}"
EndProject
Global
	GlobalSection(SolutionConfigurationPlatforms) = preSolution
		Debug|Any CPU = Debug|Any CPU
		Release|Any CPU = Release|Any CPU
	EndGlobalSection
	GlobalSection(ProjectConfigurationPlatforms) = postSolution
		{E3D5F0A8-5F70-41FD-848C-0654F104959F}.Debug|Any CPU.ActiveCfg = Debug|Any CPU
		{E3D5F0A8-5F70-41FD-848C-0654F104959F}.Debug|Any CPU.Build.0 = Debug|Any CPU
		{E3D5F0A8-5F70-41FD-848C-0654F104959F}.Release|Any CPU.ActiveCfg = Release|Any CPU
		{E3D5F0A8-5F70-41FD-848C-0654F104959F}.Release|Any CPU.Build.0 = Release|Any CPU
		{CEAED709-784A-4B20-9B9A-C7030765EDB4}.Debug|Any CPU.ActiveCfg = Debug|Any CPU
		{CEAED709-784A-4B20-9B9A-C7030765EDB4}.Debug|Any CPU.Build.0 = Debug|Any CPU
		{CEAED709-784A-4B20-9B9A-C7030765EDB4}.Release|Any CPU.ActiveCfg = Release|Any CPU
		{CEAED709-784A-4B20-9B9A-C7030765EDB4}.Release|Any CPU.Build.0 = Release|Any CPU
		{DF1CB2C2-576A-4540-BFF1-1D552A5CDE07}.Debug|Any CPU.ActiveCfg = Debug|Any CPU
		{DF1CB2C2-576A-4540-BFF1-1D552A5CDE07}.Debug|Any CPU.Build.0 = Debug|Any CPU
		{DF1CB2C2-576A-4540-BFF1-1D552A5CDE07}.Release|Any CPU.ActiveCfg = Release|Any CPU
		{DF1CB2C2-576A-4540-BFF1-1D552A5CDE07}.Release|Any CPU.Build.0 = Release|Any CPU
		{17374C07-C3E7-4219-A18A-46F8767DF616}.Debug|Any CPU.ActiveCfg = Debug|Any CPU
		{17374C07-C3E7-4219-A18A-46F8767DF616}.Debug|Any CPU.Build.0 = Debug|Any CPU
		{17374C07-C3E7-4219-A18A-46F8767DF616}.Release|Any CPU.ActiveCfg = Release|Any CPU
		{17374C07-C3E7-4219-A18A-46F8767DF616}.Release|Any CPU.Build.0 = Release|Any CPU
		{1952E95D-5517-42CC-BA3A-920A17165159}.Debug|Any CPU.ActiveCfg = Debug|Any CPU
		{1952E95D-5517-42CC-BA3A-920A17165159}.Debug|Any CPU.Build.0 = Debug|Any CPU
		{1952E95D-5517-42CC-BA3A-920A17165159}.Release|Any CPU.ActiveCfg = Release|Any CPU
		{1952E95D-5517-42CC-BA3A-920A17165159}.Release|Any CPU.Build.0 = Release|Any CPU
	EndGlobalSection
	GlobalSection(SolutionProperties) = preSolution
		HideSolutionNode = FALSE
	EndGlobalSection
	GlobalSection(ExtensibilityGlobals) = postSolution
		SolutionGuid = {E508D78B-6B90-401F-920B-7A16D17AC1D8}
	EndGlobalSection
EndGlobal
